
Microsoft Visual Studio Solution File, Format Version 12.00
# Visual Studio Version 16
VisualStudioVersion = 16.0.32002.261
MinimumVisualStudioVersion = 10.0.40219.1
Project("{FAE04EC0-301F-11D3-BF4B-00C04F79EFBC}") = "Assessment4", "Assessment4.csproj", "{43147B18-13DD-4805-B3D0-588F8BC282B2}"
EndProject
Project("{FAE04EC0-301F-11D3-BF4B-00C04F79EFBC}") = "Assessment4_2", "..\Assessment4.2\Assessment4_2.csproj", "{7C8B3734-CA58-4ACA-9012-932A10FEE304}"
EndProject
Global
	GlobalSection(SolutionConfigurationPlatforms) = preSolution
		Debug|Any CPU = Debug|Any CPU
		Release|Any CPU = Release|Any CPU
	EndGlobalSection
	GlobalSection(ProjectConfigurationPlatforms) = postSolution
		{43147B18-13DD-4805-B3D0-588F8BC282B2}.Debug|Any CPU.ActiveCfg = Debug|Any CPU
		{43147B18-13DD-4805-B3D0-588F8BC282B2}.Debug|Any CPU.Build.0 = Debug|Any CPU
		{43147B18-13DD-4805-B3D0-588F8BC282B2}.Release|Any CPU.ActiveCfg = Release|Any CPU
		{43147B18-13DD-4805-B3D0-588F8BC282B2}.Release|Any CPU.Build.0 = Release|Any CPU
		{7C8B3734-CA58-4ACA-9012-932A10FEE304}.Debug|Any CPU.ActiveCfg = Debug|Any CPU
		{7C8B3734-CA58-4ACA-9012-932A10FEE304}.Debug|Any CPU.Build.0 = Debug|Any CPU
		{7C8B3734-CA58-4ACA-9012-932A10FEE304}.Release|Any CPU.ActiveCfg = Release|Any CPU
		{7C8B3734-CA58-4ACA-9012-932A10FEE304}.Release|Any CPU.Build.0 = Release|Any CPU
	EndGlobalSection
	GlobalSection(SolutionProperties) = preSolution
		HideSolutionNode = FALSE
	EndGlobalSection
	GlobalSection(ExtensibilityGlobals) = postSolution
		SolutionGuid = {4C5C67A3-11C9-4545-B458-9EE6EF8AE751}
	EndGlobalSection
EndGlobal
